{
  "name": "23.04-Chis",
  "lockfileVersion": 3,
  "requires": true,
  "packages": {
    "": {
      "devDependencies": {
        "@ohos/hvigor-ohos-arkui-x-plugin": "4.22.3"
      }
    },
    "node_modules/@ohos/hvigor-ohos-arkui-x-plugin": {
      "version": "4.22.3",
      "resolved": "https://repo.harmonyos.com/npm/@ohos/hvigor-ohos-arkui-x-plugin/-/@ohos/hvigor-ohos-arkui-x-plugin-4.22.3.tgz",
      "integrity": "sha512-rm8ottoW/GsxtAwvBmIUV5t5cgODhRlyqLw1/GnmZskRNgK9w2KqWl38PgJRqa3NHpLw2a5RPcTvdtMq0Bdr0A==",
      "bundleDependencies": [
        "fs-extra",
        "uuid",
        "@baize/wdk"
      ],
      "dev": true,
      "dependencies": {
        "@baize/wdk": "0.7.2",
        "fs-extra": "11.3.0",
        "uuid": "11.1.0"
      },
      "engines": {
        "node": ">14.14.0"
      }
    },
    "node_modules/@ohos/hvigor-ohos-arkui-x-plugin/node_modules/@baize/wdk": {
      "version": "0.7.2",
      "dev": true,
      "inBundle": true,
      "license": "MIT",
      "engines": {
        "node": ">= 10",
        "npm": ">= 6.x"
      }
    },
    "node_modules/@ohos/hvigor-ohos-arkui-x-plugin/node_modules/fs-extra": {
      "version": "11.3.0",
      "dev": true,
      "inBundle": true,
      "license": "MIT",
      "dependencies": {
        "graceful-fs": "^4.2.0",
        "jsonfile": "^6.0.1",
        "universalify": "^2.0.0"
      },
      "engines": {
        "node": ">=14.14"
      }
    },
    "node_modules/@ohos/hvigor-ohos-arkui-x-plugin/node_modules/graceful-fs": {
      "version": "4.2.11",
      "dev": true,
      "inBundle": true,
      "license": "ISC"
    },
    "node_modules/@ohos/hvigor-ohos-arkui-x-plugin/node_modules/jsonfile": {
      "version": "6.1.0",
      "dev": true,
      "inBundle": true,
      "license": "MIT",
      "dependencies": {
        "universalify": "^2.0.0"
      },
      "optionalDependencies": {
        "graceful-fs": "^4.1.6"
      }
    },
    "node_modules/@ohos/hvigor-ohos-arkui-x-plugin/node_modules/universalify": {
      "version": "2.0.1",
      "dev": true,
      "inBundle": true,
      "license": "MIT",
      "engines": {
        "node": ">= 10.0.0"
      }
    },
    "node_modules/@ohos/hvigor-ohos-arkui-x-plugin/node_modules/uuid": {
      "version": "11.1.0",
      "dev": true,
      "funding": [
        "https://github.com/sponsors/broofa",
        "https://github.com/sponsors/ctavan"
      ],
      "inBundle": true,
      "license": "MIT",
      "bin": {
        "uuid": "dist/esm/bin/uuid"
      }
    }
  }
}
